
Microsoft Visual Studio Solution File, Format Version 12.00
# Visual Studio Version 17
VisualStudioVersion = 17.3.32811.315
MinimumVisualStudioVersion = 10.0.40219.1
Project("{9A19103F-16F7-4668-BE54-9A1E7A4F7556}") = "1.DisposeObject", "1.DisposeObject\1.DisposeObject.csproj", "{1E73A2B2-AB68-4E74-AF95-7EFD098A8B19}"
EndProject
Project("{9A19103F-16F7-4668-BE54-9A1E7A4F7556}") = "2.DisposeObjectByUsing", "2.DisposeObjectByUsing\2.DisposeObjectByUsing.csproj", "{6AF50678-40EB-494A-8CFB-648D3346C962}"
EndProject
Global
	GlobalSection(SolutionConfigurationPlatforms) = preSolution
		Debug|Any CPU = Debug|Any CPU
		Release|Any CPU = Release|Any CPU
	EndGlobalSection
	GlobalSection(ProjectConfigurationPlatforms) = postSolution
		{1E73A2B2-AB68-4E74-AF95-7EFD098A8B19}.Debug|Any CPU.ActiveCfg = Debug|Any CPU
		{1E73A2B2-AB68-4E74-AF95-7EFD098A8B19}.Debug|Any CPU.Build.0 = Debug|Any CPU
		{1E73A2B2-AB68-4E74-AF95-7EFD098A8B19}.Release|Any CPU.ActiveCfg = Release|Any CPU
		{1E73A2B2-AB68-4E74-AF95-7EFD098A8B19}.Release|Any CPU.Build.0 = Release|Any CPU
		{6AF50678-40EB-494A-8CFB-648D3346C962}.Debug|Any CPU.ActiveCfg = Debug|Any CPU
		{6AF50678-40EB-494A-8CFB-648D3346C962}.Debug|Any CPU.Build.0 = Debug|Any CPU
		{6AF50678-40EB-494A-8CFB-648D3346C962}.Release|Any CPU.ActiveCfg = Release|Any CPU
		{6AF50678-40EB-494A-8CFB-648D3346C962}.Release|Any CPU.Build.0 = Release|Any CPU
	EndGlobalSection
	GlobalSection(SolutionProperties) = preSolution
		HideSolutionNode = FALSE
	EndGlobalSection
	GlobalSection(ExtensibilityGlobals) = postSolution
		SolutionGuid = {7E3ABA62-53C9-4D7D-918F-8298C662545B}
	EndGlobalSection
EndGlobal
